{
  "name": "tests",
  "lockfileVersion": 3,
  "requires": true,
  "packages": {
    "": {
      "dependencies": {
        "react-anchor-link-smooth-scroll": "^1.0.12",
        "uuid": "^11.0.2"
      }
    },
    "node_modules/react-anchor-link-smooth-scroll": {
      "version": "1.0.12",
      "resolved": "https://registry.npmjs.org/react-anchor-link-smooth-scroll/-/react-anchor-link-smooth-scroll-1.0.12.tgz",
      "integrity": "sha512-aaY+9X0yh8YnC0jBfoTKpsiCLdO/Y6pCltww+VB+NnTBPDOvnIdnp1AlazajsDitc1j+cVSQ+yNtaVeTIMQbxw==",
      "license": "MIT"
    },
    "node_modules/uuid": {
      "version": "11.0.2",
      "resolved": "https://registry.npmjs.org/uuid/-/uuid-11.0.2.tgz",
      "integrity": "sha512-14FfcOJmqdjbBPdDjFQyk/SdT4NySW4eM0zcG+HqbHP5jzuH56xO3J1DGhgs/cEMCfwYi3HQI1gnTO62iaG+tQ==",
      "funding": [
        "https://github.com/sponsors/broofa",
        "https://github.com/sponsors/ctavan"
      ],
      "license": "MIT",
      "bin": {
        "uuid": "dist/esm/bin/uuid"
      }
    }
  }
}
